
Microsoft Visual Studio Solution File, Format Version 12.00
# Visual Studio Version 17
VisualStudioVersion = 17.0.31903.59
MinimumVisualStudioVersion = 10.0.40219.1
Project("{2150E333-8FDC-42A3-9474-1A3956D46DE8}") = "src", "src", "{827E0CD3-B72D-47B6-A68D-7590B98EB39B}"
EndProject
Project("{FAE04EC0-301F-11D3-BF4B-00C04F79EFBC}") = "CashBatch.Desktop", "src\CashBatch.Desktop\CashBatch.Desktop.csproj", "{27E7B42F-3FA5-4CBB-81C6-955F53FE0AE1}"
EndProject
Project("{FAE04EC0-301F-11D3-BF4B-00C04F79EFBC}") = "CashBatch.Application", "src\CashBatch.Application\CashBatch.Application.csproj", "{A0319830-0F1A-462B-8C70-3EABEEB6995B}"
EndProject
Project("{FAE04EC0-301F-11D3-BF4B-00C04F79EFBC}") = "CashBatch.Domain", "src\CashBatch.Domain\CashBatch.Domain.csproj", "{8EE266DE-CED4-4E4B-913F-D265377AFDC9}"
EndProject
Project("{FAE04EC0-301F-11D3-BF4B-00C04F79EFBC}") = "CashBatch.Infrastructure", "src\CashBatch.Infrastructure\CashBatch.Infrastructure.csproj", "{F188BD3D-CFDD-4F00-83AF-9E99ADCAD515}"
EndProject
Project("{FAE04EC0-301F-11D3-BF4B-00C04F79EFBC}") = "CashBatch.Reporting", "src\CashBatch.Reporting\CashBatch.Reporting.csproj", "{853E651B-7207-4A4A-91FD-DB0D221FEE1D}"
EndProject
Project("{FAE04EC0-301F-11D3-BF4B-00C04F79EFBC}") = "CashBatch.Integration", "src\CashBatch.Integration\CashBatch.Integration.csproj", "{E2AC161A-C429-4DD5-B62F-BC52A8317B81}"
EndProject
Project("{2150E333-8FDC-42A3-9474-1A3956D46DE8}") = "tests", "tests", "{0AB3BF05-4346-4AA6-1389-037BE0695223}"
EndProject
Project("{FAE04EC0-301F-11D3-BF4B-00C04F79EFBC}") = "CashBatch.Tests", "tests\CashBatch.Tests\CashBatch.Tests.csproj", "{06C57327-2A8D-4B5C-8B34-2ACED4727F6C}"
EndProject
Global
	GlobalSection(SolutionConfigurationPlatforms) = preSolution
		Debug|Any CPU = Debug|Any CPU
		Debug|x64 = Debug|x64
		Debug|x86 = Debug|x86
		Release|Any CPU = Release|Any CPU
		Release|x64 = Release|x64
		Release|x86 = Release|x86
	EndGlobalSection
	GlobalSection(ProjectConfigurationPlatforms) = postSolution
		{27E7B42F-3FA5-4CBB-81C6-955F53FE0AE1}.Debug|Any CPU.ActiveCfg = Debug|Any CPU
		{27E7B42F-3FA5-4CBB-81C6-955F53FE0AE1}.Debug|Any CPU.Build.0 = Debug|Any CPU
		{27E7B42F-3FA5-4CBB-81C6-955F53FE0AE1}.Debug|x64.ActiveCfg = Debug|Any CPU
		{27E7B42F-3FA5-4CBB-81C6-955F53FE0AE1}.Debug|x64.Build.0 = Debug|Any CPU
		{27E7B42F-3FA5-4CBB-81C6-955F53FE0AE1}.Debug|x86.ActiveCfg = Debug|Any CPU
		{27E7B42F-3FA5-4CBB-81C6-955F53FE0AE1}.Debug|x86.Build.0 = Debug|Any CPU
		{27E7B42F-3FA5-4CBB-81C6-955F53FE0AE1}.Release|Any CPU.ActiveCfg = Release|Any CPU
		{27E7B42F-3FA5-4CBB-81C6-955F53FE0AE1}.Release|Any CPU.Build.0 = Release|Any CPU
		{27E7B42F-3FA5-4CBB-81C6-955F53FE0AE1}.Release|x64.ActiveCfg = Release|Any CPU
		{27E7B42F-3FA5-4CBB-81C6-955F53FE0AE1}.Release|x64.Build.0 = Release|Any CPU
		{27E7B42F-3FA5-4CBB-81C6-955F53FE0AE1}.Release|x86.ActiveCfg = Release|Any CPU
		{27E7B42F-3FA5-4CBB-81C6-955F53FE0AE1}.Release|x86.Build.0 = Release|Any CPU
		{A0319830-0F1A-462B-8C70-3EABEEB6995B}.Debug|Any CPU.ActiveCfg = Debug|Any CPU
		{A0319830-0F1A-462B-8C70-3EABEEB6995B}.Debug|Any CPU.Build.0 = Debug|Any CPU
		{A0319830-0F1A-462B-8C70-3EABEEB6995B}.Debug|x64.ActiveCfg = Debug|Any CPU
		{A0319830-0F1A-462B-8C70-3EABEEB6995B}.Debug|x64.Build.0 = Debug|Any CPU
		{A0319830-0F1A-462B-8C70-3EABEEB6995B}.Debug|x86.ActiveCfg = Debug|Any CPU
		{A0319830-0F1A-462B-8C70-3EABEEB6995B}.Debug|x86.Build.0 = Debug|Any CPU
		{A0319830-0F1A-462B-8C70-3EABEEB6995B}.Release|Any CPU.ActiveCfg = Release|Any CPU
		{A0319830-0F1A-462B-8C70-3EABEEB6995B}.Release|Any CPU.Build.0 = Release|Any CPU
		{A0319830-0F1A-462B-8C70-3EABEEB6995B}.Release|x64.ActiveCfg = Release|Any CPU
		{A0319830-0F1A-462B-8C70-3EABEEB6995B}.Release|x64.Build.0 = Release|Any CPU
		{A0319830-0F1A-462B-8C70-3EABEEB6995B}.Release|x86.ActiveCfg = Release|Any CPU
		{A0319830-0F1A-462B-8C70-3EABEEB6995B}.Release|x86.Build.0 = Release|Any CPU
		{8EE266DE-CED4-4E4B-913F-D265377AFDC9}.Debug|Any CPU.ActiveCfg = Debug|Any CPU
		{8EE266DE-CED4-4E4B-913F-D265377AFDC9}.Debug|Any CPU.Build.0 = Debug|Any CPU
		{8EE266DE-CED4-4E4B-913F-D265377AFDC9}.Debug|x64.ActiveCfg = Debug|Any CPU
		{8EE266DE-CED4-4E4B-913F-D265377AFDC9}.Debug|x64.Build.0 = Debug|Any CPU
		{8EE266DE-CED4-4E4B-913F-D265377AFDC9}.Debug|x86.ActiveCfg = Debug|Any CPU
		{8EE266DE-CED4-4E4B-913F-D265377AFDC9}.Debug|x86.Build.0 = Debug|Any CPU
		{8EE266DE-CED4-4E4B-913F-D265377AFDC9}.Release|Any CPU.ActiveCfg = Release|Any CPU
		{8EE266DE-CED4-4E4B-913F-D265377AFDC9}.Release|Any CPU.Build.0 = Release|Any CPU
		{8EE266DE-CED4-4E4B-913F-D265377AFDC9}.Release|x64.ActiveCfg = Release|Any CPU
		{8EE266DE-CED4-4E4B-913F-D265377AFDC9}.Release|x64.Build.0 = Release|Any CPU
		{8EE266DE-CED4-4E4B-913F-D265377AFDC9}.Release|x86.ActiveCfg = Release|Any CPU
		{8EE266DE-CED4-4E4B-913F-D265377AFDC9}.Release|x86.Build.0 = Release|Any CPU
		{F188BD3D-CFDD-4F00-83AF-9E99ADCAD515}.Debug|Any CPU.ActiveCfg = Debug|Any CPU
		{F188BD3D-CFDD-4F00-83AF-9E99ADCAD515}.Debug|Any CPU.Build.0 = Debug|Any CPU
		{F188BD3D-CFDD-4F00-83AF-9E99ADCAD515}.Debug|x64.ActiveCfg = Debug|Any CPU
		{F188BD3D-CFDD-4F00-83AF-9E99ADCAD515}.Debug|x64.Build.0 = Debug|Any CPU
		{F188BD3D-CFDD-4F00-83AF-9E99ADCAD515}.Debug|x86.ActiveCfg = Debug|Any CPU
		{F188BD3D-CFDD-4F00-83AF-9E99ADCAD515}.Debug|x86.Build.0 = Debug|Any CPU
		{F188BD3D-CFDD-4F00-83AF-9E99ADCAD515}.Release|Any CPU.ActiveCfg = Release|Any CPU
		{F188BD3D-CFDD-4F00-83AF-9E99ADCAD515}.Release|Any CPU.Build.0 = Release|Any CPU
		{F188BD3D-CFDD-4F00-83AF-9E99ADCAD515}.Release|x64.ActiveCfg = Release|Any CPU
		{F188BD3D-CFDD-4F00-83AF-9E99ADCAD515}.Release|x64.Build.0 = Release|Any CPU
		{F188BD3D-CFDD-4F00-83AF-9E99ADCAD515}.Release|x86.ActiveCfg = Release|Any CPU
		{F188BD3D-CFDD-4F00-83AF-9E99ADCAD515}.Release|x86.Build.0 = Release|Any CPU
		{853E651B-7207-4A4A-91FD-DB0D221FEE1D}.Debug|Any CPU.ActiveCfg = Debug|Any CPU
		{853E651B-7207-4A4A-91FD-DB0D221FEE1D}.Debug|Any CPU.Build.0 = Debug|Any CPU
		{853E651B-7207-4A4A-91FD-DB0D221FEE1D}.Debug|x64.ActiveCfg = Debug|Any CPU
		{853E651B-7207-4A4A-91FD-DB0D221FEE1D}.Debug|x64.Build.0 = Debug|Any CPU
		{853E651B-7207-4A4A-91FD-DB0D221FEE1D}.Debug|x86.ActiveCfg = Debug|Any CPU
		{853E651B-7207-4A4A-91FD-DB0D221FEE1D}.Debug|x86.Build.0 = Debug|Any CPU
		{853E651B-7207-4A4A-91FD-DB0D221FEE1D}.Release|Any CPU.ActiveCfg = Release|Any CPU
		{853E651B-7207-4A4A-91FD-DB0D221FEE1D}.Release|Any CPU.Build.0 = Release|Any CPU
		{853E651B-7207-4A4A-91FD-DB0D221FEE1D}.Release|x64.ActiveCfg = Release|Any CPU
		{853E651B-7207-4A4A-91FD-DB0D221FEE1D}.Release|x64.Build.0 = Release|Any CPU
		{853E651B-7207-4A4A-91FD-DB0D221FEE1D}.Release|x86.ActiveCfg = Release|Any CPU
		{853E651B-7207-4A4A-91FD-DB0D221FEE1D}.Release|x86.Build.0 = Release|Any CPU
		{E2AC161A-C429-4DD5-B62F-BC52A8317B81}.Debug|Any CPU.ActiveCfg = Debug|Any CPU
		{E2AC161A-C429-4DD5-B62F-BC52A8317B81}.Debug|Any CPU.Build.0 = Debug|Any CPU
		{E2AC161A-C429-4DD5-B62F-BC52A8317B81}.Debug|x64.ActiveCfg = Debug|Any CPU
		{E2AC161A-C429-4DD5-B62F-BC52A8317B81}.Debug|x64.Build.0 = Debug|Any CPU
		{E2AC161A-C429-4DD5-B62F-BC52A8317B81}.Debug|x86.ActiveCfg = Debug|Any CPU
		{E2AC161A-C429-4DD5-B62F-BC52A8317B81}.Debug|x86.Build.0 = Debug|Any CPU
		{E2AC161A-C429-4DD5-B62F-BC52A8317B81}.Release|Any CPU.ActiveCfg = Release|Any CPU
		{E2AC161A-C429-4DD5-B62F-BC52A8317B81}.Release|Any CPU.Build.0 = Release|Any CPU
		{E2AC161A-C429-4DD5-B62F-BC52A8317B81}.Release|x64.ActiveCfg = Release|Any CPU
		{E2AC161A-C429-4DD5-B62F-BC52A8317B81}.Release|x64.Build.0 = Release|Any CPU
		{E2AC161A-C429-4DD5-B62F-BC52A8317B81}.Release|x86.ActiveCfg = Release|Any CPU
		{E2AC161A-C429-4DD5-B62F-BC52A8317B81}.Release|x86.Build.0 = Release|Any CPU
		{06C57327-2A8D-4B5C-8B34-2ACED4727F6C}.Debug|Any CPU.ActiveCfg = Debug|Any CPU
		{06C57327-2A8D-4B5C-8B34-2ACED4727F6C}.Debug|Any CPU.Build.0 = Debug|Any CPU
		{06C57327-2A8D-4B5C-8B34-2ACED4727F6C}.Debug|x64.ActiveCfg = Debug|Any CPU
		{06C57327-2A8D-4B5C-8B34-2ACED4727F6C}.Debug|x64.Build.0 = Debug|Any CPU
		{06C57327-2A8D-4B5C-8B34-2ACED4727F6C}.Debug|x86.ActiveCfg = Debug|Any CPU
		{06C57327-2A8D-4B5C-8B34-2ACED4727F6C}.Debug|x86.Build.0 = Debug|Any CPU
		{06C57327-2A8D-4B5C-8B34-2ACED4727F6C}.Release|Any CPU.ActiveCfg = Release|Any CPU
		{06C57327-2A8D-4B5C-8B34-2ACED4727F6C}.Release|Any CPU.Build.0 = Release|Any CPU
		{06C57327-2A8D-4B5C-8B34-2ACED4727F6C}.Release|x64.ActiveCfg = Release|Any CPU
		{06C57327-2A8D-4B5C-8B34-2ACED4727F6C}.Release|x64.Build.0 = Release|Any CPU
		{06C57327-2A8D-4B5C-8B34-2ACED4727F6C}.Release|x86.ActiveCfg = Release|Any CPU
		{06C57327-2A8D-4B5C-8B34-2ACED4727F6C}.Release|x86.Build.0 = Release|Any CPU
	EndGlobalSection
	GlobalSection(SolutionProperties) = preSolution
		HideSolutionNode = FALSE
	EndGlobalSection
	GlobalSection(NestedProjects) = preSolution
		{27E7B42F-3FA5-4CBB-81C6-955F53FE0AE1} = {827E0CD3-B72D-47B6-A68D-7590B98EB39B}
		{A0319830-0F1A-462B-8C70-3EABEEB6995B} = {827E0CD3-B72D-47B6-A68D-7590B98EB39B}
		{8EE266DE-CED4-4E4B-913F-D265377AFDC9} = {827E0CD3-B72D-47B6-A68D-7590B98EB39B}
		{F188BD3D-CFDD-4F00-83AF-9E99ADCAD515} = {827E0CD3-B72D-47B6-A68D-7590B98EB39B}
		{853E651B-7207-4A4A-91FD-DB0D221FEE1D} = {827E0CD3-B72D-47B6-A68D-7590B98EB39B}
		{E2AC161A-C429-4DD5-B62F-BC52A8317B81} = {827E0CD3-B72D-47B6-A68D-7590B98EB39B}
		{06C57327-2A8D-4B5C-8B34-2ACED4727F6C} = {0AB3BF05-4346-4AA6-1389-037BE0695223}
	EndGlobalSection
EndGlobal
